
Microsoft Visual Studio Solution File, Format Version 12.00
# Visual Studio Version 16
VisualStudioVersion = 16.0.31025.194
MinimumVisualStudioVersion = 10.0.40219.1
Project("{9A19103F-16F7-4668-BE54-9A1E7A4F7556}") = "Correspondence.Api", "Correspondence.Api\Correspondence.Api.csproj", "{897B1660-3120-4280-A503-9D54CBE657EC}"
EndProject
Project("{9A19103F-16F7-4668-BE54-9A1E7A4F7556}") = "SetupDatabaseAndData", "SetupDatabaseAndData\SetupDatabaseAndData.csproj", "{6A7F72CD-503F-4985-8916-F6B46A6C4EF1}"
EndProject
Project("{9A19103F-16F7-4668-BE54-9A1E7A4F7556}") = "Correpondence.Entities", "Correpondence.Entities\Correpondence.Entities.csproj", "{3E708EC8-5205-4EB5-9A7B-23E594D16DD6}"
EndProject
Project("{2150E333-8FDC-42A3-9474-1A3956D46DE8}") = "Solution Items", "Solution Items", "{8A577ABD-DFD5-4217-978B-5DA1C3F84552}"
	ProjectSection(SolutionItems) = preProject
		Readme.md = Readme.md
	EndProjectSection
EndProject
Global
	GlobalSection(SolutionConfigurationPlatforms) = preSolution
		Debug|Any CPU = Debug|Any CPU
		Release|Any CPU = Release|Any CPU
	EndGlobalSection
	GlobalSection(ProjectConfigurationPlatforms) = postSolution
		{897B1660-3120-4280-A503-9D54CBE657EC}.Debug|Any CPU.ActiveCfg = Debug|Any CPU
		{897B1660-3120-4280-A503-9D54CBE657EC}.Debug|Any CPU.Build.0 = Debug|Any CPU
		{897B1660-3120-4280-A503-9D54CBE657EC}.Release|Any CPU.ActiveCfg = Release|Any CPU
		{897B1660-3120-4280-A503-9D54CBE657EC}.Release|Any CPU.Build.0 = Release|Any CPU
		{6A7F72CD-503F-4985-8916-F6B46A6C4EF1}.Debug|Any CPU.ActiveCfg = Debug|Any CPU
		{6A7F72CD-503F-4985-8916-F6B46A6C4EF1}.Debug|Any CPU.Build.0 = Debug|Any CPU
		{6A7F72CD-503F-4985-8916-F6B46A6C4EF1}.Release|Any CPU.ActiveCfg = Release|Any CPU
		{6A7F72CD-503F-4985-8916-F6B46A6C4EF1}.Release|Any CPU.Build.0 = Release|Any CPU
		{3E708EC8-5205-4EB5-9A7B-23E594D16DD6}.Debug|Any CPU.ActiveCfg = Debug|Any CPU
		{3E708EC8-5205-4EB5-9A7B-23E594D16DD6}.Debug|Any CPU.Build.0 = Debug|Any CPU
		{3E708EC8-5205-4EB5-9A7B-23E594D16DD6}.Release|Any CPU.ActiveCfg = Release|Any CPU
		{3E708EC8-5205-4EB5-9A7B-23E594D16DD6}.Release|Any CPU.Build.0 = Release|Any CPU
	EndGlobalSection
	GlobalSection(SolutionProperties) = preSolution
		HideSolutionNode = FALSE
	EndGlobalSection
	GlobalSection(ExtensibilityGlobals) = postSolution
		SolutionGuid = {0E077090-AA96-407E-A202-E173F15A399B}
	EndGlobalSection
EndGlobal
